
Microsoft Visual Studio Solution File, Format Version 12.00
# Visual Studio Version 17
VisualStudioVersion = 17.14.36301.6 d17.14
MinimumVisualStudioVersion = 10.0.40219.1
Project("{FAE04EC0-301F-11D3-BF4B-00C04F79EFBC}") = "EZInfiniteYTLive", "EZInfiniteYTLive\EZInfiniteYTLive.csproj", "{220FCE76-723A-43A2-BFBE-09EE89A0A0D8}"
EndProject
Global
	GlobalSection(SolutionConfigurationPlatforms) = preSolution
		Debug|Any CPU = Debug|Any CPU
		Release|Any CPU = Release|Any CPU
	EndGlobalSection
	GlobalSection(ProjectConfigurationPlatforms) = postSolution
		{220FCE76-723A-43A2-BFBE-09EE89A0A0D8}.Debug|Any CPU.ActiveCfg = Debug|Any CPU
		{220FCE76-723A-43A2-BFBE-09EE89A0A0D8}.Debug|Any CPU.Build.0 = Debug|Any CPU
		{220FCE76-723A-43A2-BFBE-09EE89A0A0D8}.Release|Any CPU.ActiveCfg = Release|Any CPU
		{220FCE76-723A-43A2-BFBE-09EE89A0A0D8}.Release|Any CPU.Build.0 = Release|Any CPU
	EndGlobalSection
	GlobalSection(SolutionProperties) = preSolution
		HideSolutionNode = FALSE
	EndGlobalSection
	GlobalSection(ExtensibilityGlobals) = postSolution
		SolutionGuid = {49EFC0F0-4ABF-48CF-8572-B8F7E85DA446}
	EndGlobalSection
EndGlobal
